// !$*UTF8*$!
{
	archiveVersion = 1;
	classes = {
	};
	objectVersion = 48;
	objects = {

/* Begin PBXFileReference section */
		8541A0B5206A05B1004BA20A /* README.md */ = {isa = PBXFileReference; lastKnownFileType = net.daringfireball.markdown; path = README.md; sourceTree = "<group>"; };
		8541A0B6206A060B004BA20A /* crashlytics.json */ = {isa = PBXFileReference; lastKnownFileType = text.json; path = crashlytics.json; sourceTree = "<group>"; };
		856C216A20C8F09B00393997 /* parsesdk.json */ = {isa = PBXFileReference; lastKnownFileType = text.json; path = parsesdk.json; sourceTree = "<group>"; };
		856C216B20C8F15F00393997 /* parseui.json */ = {isa = PBXFileReference; lastKnownFileType = text.json; path = parseui.json; sourceTree = "<group>"; };
		856C216C20C8F63000393997 /* binaries */ = {isa = PBXFileReference; lastKnownFileType = folder; path = binaries; sourceTree = "<group>"; };
		856C217620C8FCB600393997 /* twitterkit.json */ = {isa = PBXFileReference; lastKnownFileType = text.json; path = twitterkit.json; sourceTree = "<group>"; };
/* End PBXFileReference section */

/* Begin PBXGroup section */
		8541A0AE206A059D004BA20A = {
			isa = PBXGroup;
			children = (
				856C216C20C8F63000393997 /* binaries */,
				8541A0B5206A05B1004BA20A /* README.md */,
				8541A0B6206A060B004BA20A /* crashlytics.json */,
				856C216A20C8F09B00393997 /* parsesdk.json */,
				856C216B20C8F15F00393997 /* parseui.json */,
				856C217620C8FCB600393997 /* twitterkit.json */,
			);
			sourceTree = "<group>";
		};
/* End PBXGroup section */

/* Begin PBXProject section */
		8541A0AF206A059D004BA20A /* Project object */ = {
			isa = PBXProject;
			attributes = {
				LastUpgradeCheck = 0920;
			};
			buildConfigurationList = 8541A0B2206A059D004BA20A /* Build configuration list for PBXProject "ios-packages" */;
			compatibilityVersion = "Xcode 8.0";
			developmentRegion = en;
			hasScannedForEncodings = 0;
			knownRegions = (
				en,
			);
			mainGroup = 8541A0AE206A059D004BA20A;
			projectDirPath = "";
			projectRoot = "";
			targets = (
			);
		};
/* End PBXProject section */

/* Begin XCBuildConfiguration section */
		8541A0B3206A059D004BA20A /* Debug */ = {
			isa = XCBuildConfiguration;
			buildSettings = {
			};
			name = Debug;
		};
		8541A0B4206A059D004BA20A /* Release */ = {
			isa = XCBuildConfiguration;
			buildSettings = {
			};
			name = Release;
		};
/* End XCBuildConfiguration section */

/* Begin XCConfigurationList section */
		8541A0B2206A059D004BA20A /* Build configuration list for PBXProject "ios-packages" */ = {
			isa = XCConfigurationList;
			buildConfigurations = (
				8541A0B3206A059D004BA20A /* Debug */,
				8541A0B4206A059D004BA20A /* Release */,
			);
			defaultConfigurationIsVisible = 0;
			defaultConfigurationName = Release;
		};
/* End XCConfigurationList section */
	};
	rootObject = 8541A0AF206A059D004BA20A /* Project object */;
}
